
Microsoft Visual Studio Solution File, Format Version 12.00
# Visual Studio Version 17
VisualStudioVersion = 17.3.32901.215
MinimumVisualStudioVersion = 10.0.40219.1
Project("{2150E333-8FDC-42A3-9474-1A3956D46DE8}") = "SOLID", "SOLID", "{4F1FE62D-B0BC-4A90-B28D-E61D6C993216}"
EndProject
Project("{9A19103F-16F7-4668-BE54-9A1E7A4F7556}") = "SingleResponsibilityPrincipe", "SingleResponsibilityPrincipe\SingleResponsibilityPrincipe.csproj", "{87FB6779-0847-4D83-80E3-F3DFA9F3A838}"
EndProject
Project("{9A19103F-16F7-4668-BE54-9A1E7A4F7556}") = "OpenClosePrincipe", "OpenClosePrincipe\OpenClosePrincipe.csproj", "{36268633-1ECE-44CF-921C-FFD183331343}"
EndProject
Project("{9A19103F-16F7-4668-BE54-9A1E7A4F7556}") = "LizkovischePrincipe", "LizkovischePrincipe\LizkovischePrincipe.csproj", "{70557CF1-3369-4CEB-8431-C4F3C7FF8E27}"
EndProject
Project("{9A19103F-16F7-4668-BE54-9A1E7A4F7556}") = "InterfaceSegerationPrincipe", "InterfaceSegerationPrincipe\InterfaceSegerationPrincipe.csproj", "{51BADD06-6C81-4AEF-9D91-C9FD8584B797}"
EndProject
Project("{9A19103F-16F7-4668-BE54-9A1E7A4F7556}") = "DependencyInversion", "DependencyInversion\DependencyInversion.csproj", "{B0F880C9-AD8E-4226-8F31-ACA5397D9992}"
EndProject
Project("{2150E333-8FDC-42A3-9474-1A3956D46DE8}") = "DelegatesEventsEventHandler", "DelegatesEventsEventHandler", "{6D74CC8B-5773-458C-B907-9E4DDDAE8C7F}"
EndProject
Project("{9A19103F-16F7-4668-BE54-9A1E7A4F7556}") = "DelegatesActionFuncSample", "DelegatesActionFuncSample\DelegatesActionFuncSample.csproj", "{8146ED6C-579D-4049-8001-165456FA8C81}"
EndProject
Project("{9A19103F-16F7-4668-BE54-9A1E7A4F7556}") = "CallbackSampleWithDelegates", "CallbackSampleWithDelegates\CallbackSampleWithDelegates.csproj", "{1491A9D9-4113-4645-BA65-6A7128A4F45D}"
EndProject
Project("{9A19103F-16F7-4668-BE54-9A1E7A4F7556}") = "DelegateEventsAndEventHandler", "DelegateEventsAndEventHandler\DelegateEventsAndEventHandler.csproj", "{2DFAD682-088A-4471-88CC-94B03B56004D}"
EndProject
Project("{2150E333-8FDC-42A3-9474-1A3956D46DE8}") = "InterfacesExample", "InterfacesExample", "{C0596EF6-7A98-4C6B-A6B2-05F42C7C0AE5}"
EndProject
Project("{9A19103F-16F7-4668-BE54-9A1E7A4F7556}") = "JahrmarktBeispiel", "JahrmarktBeispiel\JahrmarktBeispiel.csproj", "{3A9882FB-AB55-4C09-8FDD-4C9CB9995A1B}"
EndProject
Project("{9A19103F-16F7-4668-BE54-9A1E7A4F7556}") = "IOCSample", "IOCSample\IOCSample.csproj", "{F466BD86-3681-4BA6-A04C-4E06AF76697D}"
EndProject
Project("{9A19103F-16F7-4668-BE54-9A1E7A4F7556}") = "IOCSampleInWebAPI", "IOCSampleInWebAPI\IOCSampleInWebAPI.csproj", "{7B55EEE9-309C-4163-95DF-076E46E08152}"
EndProject
Project("{2150E333-8FDC-42A3-9474-1A3956D46DE8}") = "Threading", "Threading", "{007F08B2-AA18-432A-AED4-375D8CE03DD3}"
EndProject
Project("{9A19103F-16F7-4668-BE54-9A1E7A4F7556}") = "001_ThreadStarten", "001_ThreadStarten\001_ThreadStarten.csproj", "{1B9819BA-7B79-432B-8FAB-35793687E1AF}"
EndProject
Project("{9A19103F-16F7-4668-BE54-9A1E7A4F7556}") = "002_ThreadMitParameterStarten", "002_ThreadMitParameterStarten\002_ThreadMitParameterStarten.csproj", "{9B44B317-C2DA-4436-855D-58BB0B7D4FBD}"
EndProject
Project("{9A19103F-16F7-4668-BE54-9A1E7A4F7556}") = "003_Thread_Beenden", "003_Thread_Beenden\003_Thread_Beenden.csproj", "{D8455D95-A7BB-4DF5-98F2-5B52D7213900}"
EndProject
Project("{9A19103F-16F7-4668-BE54-9A1E7A4F7556}") = "004_ThreadBeendenMitCancellationToken", "004_ThreadBeendenMitCancellationToken\004_ThreadBeendenMitCancellationToken.csproj", "{00A56DAD-7B63-43A7-B90D-52D1F58E0633}"
EndProject
Project("{9A19103F-16F7-4668-BE54-9A1E7A4F7556}") = "005_ThreadWithPArametersAndReturnValues", "005_ThreadWithPArametersAndReturnValues\005_ThreadWithPArametersAndReturnValues.csproj", "{F86E5900-E574-46E2-9C8B-ED681A6ED3DA}"
EndProject
Project("{9A19103F-16F7-4668-BE54-9A1E7A4F7556}") = "006_ThreadWithState", "006_ThreadWithState\006_ThreadWithState.csproj", "{D15C50D2-B1DB-43D8-96A4-160C9F92952A}"
EndProject
Project("{9A19103F-16F7-4668-BE54-9A1E7A4F7556}") = "007_ThreadPoolSample", "007_ThreadPoolSample\007_ThreadPoolSample.csproj", "{72C682BB-70A6-4F9D-83C6-89E3F4ADCFE7}"
EndProject
Project("{9A19103F-16F7-4668-BE54-9A1E7A4F7556}") = "008_LockSample", "008_LockSample\008_LockSample.csproj", "{AE3D226C-3D68-4052-829C-6A2E545F5C4E}"
EndProject
Project("{9A19103F-16F7-4668-BE54-9A1E7A4F7556}") = "007a_ThreadPool_CancelThread", "007a_ThreadPool_CancelThread\007a_ThreadPool_CancelThread.csproj", "{CB5AE058-15D8-43A4-8CAC-FA0AEFC26F22}"
EndProject
Project("{9A19103F-16F7-4668-BE54-9A1E7A4F7556}") = "009_MonitorSample", "009_MonitorSample\009_MonitorSample.csproj", "{9607B5B0-0214-4815-8196-0B8FC887747C}"
EndProject
Project("{9A19103F-16F7-4668-BE54-9A1E7A4F7556}") = "010_MutexSample", "010_MutexSample\010_MutexSample.csproj", "{4371A526-BE4F-4837-B9D2-2EDE7CA26AB3}"
EndProject
Project("{9A19103F-16F7-4668-BE54-9A1E7A4F7556}") = "Mutex_ProgramInstance", "Mutex_ProgramInstance\Mutex_ProgramInstance.csproj", "{EE455700-2079-4561-857D-653590316AEE}"
EndProject
Project("{2150E333-8FDC-42A3-9474-1A3956D46DE8}") = "TPL", "TPL", "{843AFCE9-D17A-4377-A500-3F76FE603FD0}"
EndProject
Project("{9A19103F-16F7-4668-BE54-9A1E7A4F7556}") = "001_Task_starten", "001_Task_starten\001_Task_starten.csproj", "{3133C3C3-CC86-449D-8316-F566D9D1972C}"
EndProject
Project("{9A19103F-16F7-4668-BE54-9A1E7A4F7556}") = "002_Task_beenden", "002_Task_beenden\002_Task_beenden.csproj", "{51678FA6-C3EC-4290-B572-70162CDE9611}"
EndProject
Project("{9A19103F-16F7-4668-BE54-9A1E7A4F7556}") = "003_TaskFactorySample", "003_TaskFactorySample\003_TaskFactorySample.csproj", "{4620F346-EB35-43D8-BEC7-AE816231F85F}"
EndProject
Project("{9A19103F-16F7-4668-BE54-9A1E7A4F7556}") = "004_Task_MitParameter", "Task_MitParameter\004_Task_MitParameter.csproj", "{FC3384B6-BB50-47CE-9112-31E5A829B498}"
EndProject
Project("{9A19103F-16F7-4668-BE54-9A1E7A4F7556}") = "005_TaskMitExceptions", "005_TaskMitExceptions\005_TaskMitExceptions.csproj", "{1C955A9C-D8A1-4764-93E6-C403ABBDCAEA}"
EndProject
Project("{9A19103F-16F7-4668-BE54-9A1E7A4F7556}") = "006_ContinueWithSample", "006_ContinueWithSample\006_ContinueWithSample.csproj", "{206B2D4C-BCEC-4643-B02B-CC286B123E89}"
EndProject
Project("{9A19103F-16F7-4668-BE54-9A1E7A4F7556}") = "007_ContinueWithParams", "007_ContinueWithParams\007_ContinueWithParams.csproj", "{AD0C60D6-6176-43FE-AC44-D84ED2E15AE4}"
EndProject
Project("{9A19103F-16F7-4668-BE54-9A1E7A4F7556}") = "008_ParallelInvoke", "008_ParallelInvoke\008_ParallelInvoke.csproj", "{A6FDC863-2AEF-4541-973C-747CB1C4DF4A}"
EndProject
Project("{9A19103F-16F7-4668-BE54-9A1E7A4F7556}") = "BenchmarkTestParallelForVsFor", "BenchmarkTestParallelForVsFor\BenchmarkTestParallelForVsFor.csproj", "{1741E9B2-8630-44A4-90AE-890097ADC5AF}"
EndProject
Project("{9A19103F-16F7-4668-BE54-9A1E7A4F7556}") = "010_AsyncAwaitSample", "010_AsyncAwaitSample\010_AsyncAwaitSample.csproj", "{FF6BE611-4430-4E7B-988F-5BC010AC9650}"
EndProject
Project("{2150E333-8FDC-42A3-9474-1A3956D46DE8}") = "Benchmarks", "Benchmarks", "{D08E7BAB-7A7A-4FAA-BF83-391044D33A6C}"
EndProject
Project("{9A19103F-16F7-4668-BE54-9A1E7A4F7556}") = "StringBuilderBenchmarkDemo", "StringBuilderBenchmarkDemo\StringBuilderBenchmarkDemo.csproj", "{C55F7D6A-D883-40FF-B55A-3F204BE71F70}"
EndProject
Project("{2150E333-8FDC-42A3-9474-1A3956D46DE8}") = "Solution Items", "Solution Items", "{3998C7CB-1C68-4982-BB5F-5C88630CAFAA}"
	ProjectSection(SolutionItems) = preProject
		..\Agenda.md = ..\Agenda.md
	EndProjectSection
EndProject
Project("{FAE04EC0-301F-11D3-BF4B-00C04F79EFBC}") = "HalloAsync_WinForms", "HalloAsync\HalloAsync\HalloAsync_WinForms.csproj", "{8518674C-843F-4BCF-BAD3-3EAEB28E48EF}"
EndProject
Project("{FAE04EC0-301F-11D3-BF4B-00C04F79EFBC}") = "HalloAsync", "HalloAsync_WPF\HalloAsync\HalloAsync.csproj", "{8AEA6B0E-7BB0-47D1-8F6C-CF63600BDEF0}"
EndProject
Project("{2150E333-8FDC-42A3-9474-1A3956D46DE8}") = "Generics", "Generics", "{61C3043B-8197-409F-B48E-7A61E76DC8E9}"
EndProject
Project("{9A19103F-16F7-4668-BE54-9A1E7A4F7556}") = "001_HelloGenerics", "001_HelloGenerics\001_HelloGenerics.csproj", "{62127AE5-DA1B-444E-BC94-B27512138236}"
EndProject
Project("{9A19103F-16F7-4668-BE54-9A1E7A4F7556}") = "002_HelloConstraints", "002_HelloConstraints\002_HelloConstraints.csproj", "{0788B8EA-B12F-4E3D-AFB5-705F5E9D568A}"
EndProject
Project("{9A19103F-16F7-4668-BE54-9A1E7A4F7556}") = "GenericLab", "GenericLab\GenericLab.csproj", "{D8709ADE-6E05-4414-A362-7AD40590AB01}"
EndProject
Project("{2150E333-8FDC-42A3-9474-1A3956D46DE8}") = "RepositorySample", "RepositorySample", "{8388E2C3-D78B-4908-9098-E48F1EBF8C9A}"
EndProject
Project("{9A19103F-16F7-4668-BE54-9A1E7A4F7556}") = "GenericRepository", "GenericRepository\GenericRepository.csproj", "{B6B30CD2-04A6-4279-9F19-E8EA01280AF2}"
EndProject
Project("{9A19103F-16F7-4668-BE54-9A1E7A4F7556}") = "GenericRepository.EF", "GenericRepository.EF\GenericRepository.EF.csproj", "{02B29E22-4568-4FFA-8FC1-9F6AE1E767B9}"
EndProject
Project("{9A19103F-16F7-4668-BE54-9A1E7A4F7556}") = "MyApp.DAL", "MyApp.DAL\MyApp.DAL.csproj", "{EE1ADF29-7CFF-4867-9B20-E8BE98226041}"
EndProject
Project("{9A19103F-16F7-4668-BE54-9A1E7A4F7556}") = "MyApp", "MyApp\MyApp.csproj", "{9C8A155E-4B1B-4116-9F31-330817EAE52E}"
EndProject
Project("{2150E333-8FDC-42A3-9474-1A3956D46DE8}") = "Reflections", "Reflections", "{56D316F5-798A-4BCA-A341-3A05520FA231}"
EndProject
Project("{9A19103F-16F7-4668-BE54-9A1E7A4F7556}") = "Taschenrechner", "Taschenrechner\Taschenrechner.csproj", "{8F886508-BB30-4A48-8BDF-48D7B0BA21EB}"
EndProject
Project("{9A19103F-16F7-4668-BE54-9A1E7A4F7556}") = "TaschenrechnerApp", "TaschenrechnerApp\TaschenrechnerApp.csproj", "{AA1ADA60-8543-43AE-93DD-DFEFDC74AE00}"
EndProject
Project("{2150E333-8FDC-42A3-9474-1A3956D46DE8}") = "PluginPattern", "PluginPattern", "{9046CBAC-347E-40B9-B748-85997D90E44B}"
EndProject
Project("{9A19103F-16F7-4668-BE54-9A1E7A4F7556}") = "Calculator.PluginBase", "Calculator.PluginBase\Calculator.PluginBase.csproj", "{6D8EB9FB-0919-4BE2-B8C2-5625A213B3FC}"
EndProject
Project("{9A19103F-16F7-4668-BE54-9A1E7A4F7556}") = "Calculator.App", "Calculator.App\Calculator.App.csproj", "{5C300343-EAE2-40DF-B19B-8EDEDB14C6C8}"
EndProject
Project("{9A19103F-16F7-4668-BE54-9A1E7A4F7556}") = "Calculator.AdditionPlugIn", "Calculator.AdditionPlugIn\Calculator.AdditionPlugIn.csproj", "{632E932E-A407-431D-8170-6720054B29A7}"
EndProject
Project("{9A19103F-16F7-4668-BE54-9A1E7A4F7556}") = "Generics_SolarSystem", "Generics_SolarSystem\Generics_SolarSystem.csproj", "{B6E534B3-09F0-41C8-9131-5A4F54177239}"
EndProject
Project("{9A19103F-16F7-4668-BE54-9A1E7A4F7556}") = "Generic_SolarSystemSample", "Generic_SolarSystemSample\Generic_SolarSystemSample.csproj", "{3E030373-7364-4ACA-8F3F-CFC36903D651}"
EndProject
Project("{2150E333-8FDC-42A3-9474-1A3956D46DE8}") = "Erweiterungsmethoden und Linq_Lambda", "Erweiterungsmethoden und Linq_Lambda", "{4E5F1CE7-0847-4361-ABA8-42DCB9B8D8BD}"
EndProject
Project("{FAE04EC0-301F-11D3-BF4B-00C04F79EFBC}") = "ExtentionMethodsSample", "ExtentionMethodsSample\ExtentionMethodsSample.csproj", "{0F83C2E1-8DE3-4235-BC21-F1C5A649299F}"
EndProject
Project("{FAE04EC0-301F-11D3-BF4B-00C04F79EFBC}") = "LinqLambdaSample", "LinqLambdaSample\LinqLambdaSample.csproj", "{9955BA22-4C67-4EB7-AEE0-614FD1F364C4}"
EndProject
Project("{2150E333-8FDC-42A3-9474-1A3956D46DE8}") = "NullableDatentypen", "NullableDatentypen", "{BE22C8C5-E298-4C01-90F2-37CCE0344091}"
EndProject
Project("{FAE04EC0-301F-11D3-BF4B-00C04F79EFBC}") = "NullableDatatypesSample", "NullableDatatypesSample\NullableDatatypesSample.csproj", "{07F7F329-3EDC-4721-8A9E-68986016C1C3}"
EndProject
Project("{2150E333-8FDC-42A3-9474-1A3956D46DE8}") = "Serialisierung", "Serialisierung", "{3F13123B-6882-41EF-BFCA-135D31D65802}"
EndProject
Project("{FAE04EC0-301F-11D3-BF4B-00C04F79EFBC}") = "SerializeSample", "SerializeSample\SerializeSample.csproj", "{3A59A04F-770A-4C37-A25A-A09AB19346C0}"
EndProject
Project("{2150E333-8FDC-42A3-9474-1A3956D46DE8}") = "Records", "Records", "{294982C2-184F-49BA-A640-481EA9176A10}"
EndProject
Project("{FAE04EC0-301F-11D3-BF4B-00C04F79EFBC}") = "HelloRecords", "HelloRecords\HelloRecords.csproj", "{564DB3F3-0412-4499-B515-98398EE2EFD6}"
EndProject
Global
	GlobalSection(SolutionConfigurationPlatforms) = preSolution
		Debug|Any CPU = Debug|Any CPU
		Release|Any CPU = Release|Any CPU
	EndGlobalSection
	GlobalSection(ProjectConfigurationPlatforms) = postSolution
		{87FB6779-0847-4D83-80E3-F3DFA9F3A838}.Debug|Any CPU.ActiveCfg = Debug|Any CPU
		{87FB6779-0847-4D83-80E3-F3DFA9F3A838}.Debug|Any CPU.Build.0 = Debug|Any CPU
		{87FB6779-0847-4D83-80E3-F3DFA9F3A838}.Release|Any CPU.ActiveCfg = Release|Any CPU
		{87FB6779-0847-4D83-80E3-F3DFA9F3A838}.Release|Any CPU.Build.0 = Release|Any CPU
		{36268633-1ECE-44CF-921C-FFD183331343}.Debug|Any CPU.ActiveCfg = Debug|Any CPU
		{36268633-1ECE-44CF-921C-FFD183331343}.Debug|Any CPU.Build.0 = Debug|Any CPU
		{36268633-1ECE-44CF-921C-FFD183331343}.Release|Any CPU.ActiveCfg = Release|Any CPU
		{36268633-1ECE-44CF-921C-FFD183331343}.Release|Any CPU.Build.0 = Release|Any CPU
		{70557CF1-3369-4CEB-8431-C4F3C7FF8E27}.Debug|Any CPU.ActiveCfg = Debug|Any CPU
		{70557CF1-3369-4CEB-8431-C4F3C7FF8E27}.Debug|Any CPU.Build.0 = Debug|Any CPU
		{70557CF1-3369-4CEB-8431-C4F3C7FF8E27}.Release|Any CPU.ActiveCfg = Release|Any CPU
		{70557CF1-3369-4CEB-8431-C4F3C7FF8E27}.Release|Any CPU.Build.0 = Release|Any CPU
		{51BADD06-6C81-4AEF-9D91-C9FD8584B797}.Debug|Any CPU.ActiveCfg = Debug|Any CPU
		{51BADD06-6C81-4AEF-9D91-C9FD8584B797}.Debug|Any CPU.Build.0 = Debug|Any CPU
		{51BADD06-6C81-4AEF-9D91-C9FD8584B797}.Release|Any CPU.ActiveCfg = Release|Any CPU
		{51BADD06-6C81-4AEF-9D91-C9FD8584B797}.Release|Any CPU.Build.0 = Release|Any CPU
		{B0F880C9-AD8E-4226-8F31-ACA5397D9992}.Debug|Any CPU.ActiveCfg = Debug|Any CPU
		{B0F880C9-AD8E-4226-8F31-ACA5397D9992}.Debug|Any CPU.Build.0 = Debug|Any CPU
		{B0F880C9-AD8E-4226-8F31-ACA5397D9992}.Release|Any CPU.ActiveCfg = Release|Any CPU
		{B0F880C9-AD8E-4226-8F31-ACA5397D9992}.Release|Any CPU.Build.0 = Release|Any CPU
		{8146ED6C-579D-4049-8001-165456FA8C81}.Debug|Any CPU.ActiveCfg = Debug|Any CPU
		{8146ED6C-579D-4049-8001-165456FA8C81}.Debug|Any CPU.Build.0 = Debug|Any CPU
		{8146ED6C-579D-4049-8001-165456FA8C81}.Release|Any CPU.ActiveCfg = Release|Any CPU
		{8146ED6C-579D-4049-8001-165456FA8C81}.Release|Any CPU.Build.0 = Release|Any CPU
		{1491A9D9-4113-4645-BA65-6A7128A4F45D}.Debug|Any CPU.ActiveCfg = Debug|Any CPU
		{1491A9D9-4113-4645-BA65-6A7128A4F45D}.Debug|Any CPU.Build.0 = Debug|Any CPU
		{1491A9D9-4113-4645-BA65-6A7128A4F45D}.Release|Any CPU.ActiveCfg = Release|Any CPU
		{1491A9D9-4113-4645-BA65-6A7128A4F45D}.Release|Any CPU.Build.0 = Release|Any CPU
		{2DFAD682-088A-4471-88CC-94B03B56004D}.Debug|Any CPU.ActiveCfg = Debug|Any CPU
		{2DFAD682-088A-4471-88CC-94B03B56004D}.Debug|Any CPU.Build.0 = Debug|Any CPU
		{2DFAD682-088A-4471-88CC-94B03B56004D}.Release|Any CPU.ActiveCfg = Release|Any CPU
		{2DFAD682-088A-4471-88CC-94B03B56004D}.Release|Any CPU.Build.0 = Release|Any CPU
		{3A9882FB-AB55-4C09-8FDD-4C9CB9995A1B}.Debug|Any CPU.ActiveCfg = Debug|Any CPU
		{3A9882FB-AB55-4C09-8FDD-4C9CB9995A1B}.Debug|Any CPU.Build.0 = Debug|Any CPU
		{3A9882FB-AB55-4C09-8FDD-4C9CB9995A1B}.Release|Any CPU.ActiveCfg = Release|Any CPU
		{3A9882FB-AB55-4C09-8FDD-4C9CB9995A1B}.Release|Any CPU.Build.0 = Release|Any CPU
		{F466BD86-3681-4BA6-A04C-4E06AF76697D}.Debug|Any CPU.ActiveCfg = Debug|Any CPU
		{F466BD86-3681-4BA6-A04C-4E06AF76697D}.Debug|Any CPU.Build.0 = Debug|Any CPU
		{F466BD86-3681-4BA6-A04C-4E06AF76697D}.Release|Any CPU.ActiveCfg = Release|Any CPU
		{F466BD86-3681-4BA6-A04C-4E06AF76697D}.Release|Any CPU.Build.0 = Release|Any CPU
		{7B55EEE9-309C-4163-95DF-076E46E08152}.Debug|Any CPU.ActiveCfg = Debug|Any CPU
		{7B55EEE9-309C-4163-95DF-076E46E08152}.Debug|Any CPU.Build.0 = Debug|Any CPU
		{7B55EEE9-309C-4163-95DF-076E46E08152}.Release|Any CPU.ActiveCfg = Release|Any CPU
		{7B55EEE9-309C-4163-95DF-076E46E08152}.Release|Any CPU.Build.0 = Release|Any CPU
		{1B9819BA-7B79-432B-8FAB-35793687E1AF}.Debug|Any CPU.ActiveCfg = Debug|Any CPU
		{1B9819BA-7B79-432B-8FAB-35793687E1AF}.Debug|Any CPU.Build.0 = Debug|Any CPU
		{1B9819BA-7B79-432B-8FAB-35793687E1AF}.Release|Any CPU.ActiveCfg = Release|Any CPU
		{1B9819BA-7B79-432B-8FAB-35793687E1AF}.Release|Any CPU.Build.0 = Release|Any CPU
		{9B44B317-C2DA-4436-855D-58BB0B7D4FBD}.Debug|Any CPU.ActiveCfg = Debug|Any CPU
		{9B44B317-C2DA-4436-855D-58BB0B7D4FBD}.Debug|Any CPU.Build.0 = Debug|Any CPU
		{9B44B317-C2DA-4436-855D-58BB0B7D4FBD}.Release|Any CPU.ActiveCfg = Release|Any CPU
		{9B44B317-C2DA-4436-855D-58BB0B7D4FBD}.Release|Any CPU.Build.0 = Release|Any CPU
		{D8455D95-A7BB-4DF5-98F2-5B52D7213900}.Debug|Any CPU.ActiveCfg = Debug|Any CPU
		{D8455D95-A7BB-4DF5-98F2-5B52D7213900}.Debug|Any CPU.Build.0 = Debug|Any CPU
		{D8455D95-A7BB-4DF5-98F2-5B52D7213900}.Release|Any CPU.ActiveCfg = Release|Any CPU
		{D8455D95-A7BB-4DF5-98F2-5B52D7213900}.Release|Any CPU.Build.0 = Release|Any CPU
		{00A56DAD-7B63-43A7-B90D-52D1F58E0633}.Debug|Any CPU.ActiveCfg = Debug|Any CPU
		{00A56DAD-7B63-43A7-B90D-52D1F58E0633}.Debug|Any CPU.Build.0 = Debug|Any CPU
		{00A56DAD-7B63-43A7-B90D-52D1F58E0633}.Release|Any CPU.ActiveCfg = Release|Any CPU
		{00A56DAD-7B63-43A7-B90D-52D1F58E0633}.Release|Any CPU.Build.0 = Release|Any CPU
		{F86E5900-E574-46E2-9C8B-ED681A6ED3DA}.Debug|Any CPU.ActiveCfg = Debug|Any CPU
		{F86E5900-E574-46E2-9C8B-ED681A6ED3DA}.Debug|Any CPU.Build.0 = Debug|Any CPU
		{F86E5900-E574-46E2-9C8B-ED681A6ED3DA}.Release|Any CPU.ActiveCfg = Release|Any CPU
		{F86E5900-E574-46E2-9C8B-ED681A6ED3DA}.Release|Any CPU.Build.0 = Release|Any CPU
		{D15C50D2-B1DB-43D8-96A4-160C9F92952A}.Debug|Any CPU.ActiveCfg = Debug|Any CPU
		{D15C50D2-B1DB-43D8-96A4-160C9F92952A}.Debug|Any CPU.Build.0 = Debug|Any CPU
		{D15C50D2-B1DB-43D8-96A4-160C9F92952A}.Release|Any CPU.ActiveCfg = Release|Any CPU
		{D15C50D2-B1DB-43D8-96A4-160C9F92952A}.Release|Any CPU.Build.0 = Release|Any CPU
		{72C682BB-70A6-4F9D-83C6-89E3F4ADCFE7}.Debug|Any CPU.ActiveCfg = Debug|Any CPU
		{72C682BB-70A6-4F9D-83C6-89E3F4ADCFE7}.Debug|Any CPU.Build.0 = Debug|Any CPU
		{72C682BB-70A6-4F9D-83C6-89E3F4ADCFE7}.Release|Any CPU.ActiveCfg = Release|Any CPU
		{72C682BB-70A6-4F9D-83C6-89E3F4ADCFE7}.Release|Any CPU.Build.0 = Release|Any CPU
		{AE3D226C-3D68-4052-829C-6A2E545F5C4E}.Debug|Any CPU.ActiveCfg = Debug|Any CPU
		{AE3D226C-3D68-4052-829C-6A2E545F5C4E}.Debug|Any CPU.Build.0 = Debug|Any CPU
		{AE3D226C-3D68-4052-829C-6A2E545F5C4E}.Release|Any CPU.ActiveCfg = Release|Any CPU
		{AE3D226C-3D68-4052-829C-6A2E545F5C4E}.Release|Any CPU.Build.0 = Release|Any CPU
		{CB5AE058-15D8-43A4-8CAC-FA0AEFC26F22}.Debug|Any CPU.ActiveCfg = Debug|Any CPU
		{CB5AE058-15D8-43A4-8CAC-FA0AEFC26F22}.Debug|Any CPU.Build.0 = Debug|Any CPU
		{CB5AE058-15D8-43A4-8CAC-FA0AEFC26F22}.Release|Any CPU.ActiveCfg = Release|Any CPU
		{CB5AE058-15D8-43A4-8CAC-FA0AEFC26F22}.Release|Any CPU.Build.0 = Release|Any CPU
		{9607B5B0-0214-4815-8196-0B8FC887747C}.Debug|Any CPU.ActiveCfg = Debug|Any CPU
		{9607B5B0-0214-4815-8196-0B8FC887747C}.Debug|Any CPU.Build.0 = Debug|Any CPU
		{9607B5B0-0214-4815-8196-0B8FC887747C}.Release|Any CPU.ActiveCfg = Release|Any CPU
		{9607B5B0-0214-4815-8196-0B8FC887747C}.Release|Any CPU.Build.0 = Release|Any CPU
		{4371A526-BE4F-4837-B9D2-2EDE7CA26AB3}.Debug|Any CPU.ActiveCfg = Debug|Any CPU
		{4371A526-BE4F-4837-B9D2-2EDE7CA26AB3}.Debug|Any CPU.Build.0 = Debug|Any CPU
		{4371A526-BE4F-4837-B9D2-2EDE7CA26AB3}.Release|Any CPU.ActiveCfg = Release|Any CPU
		{4371A526-BE4F-4837-B9D2-2EDE7CA26AB3}.Release|Any CPU.Build.0 = Release|Any CPU
		{EE455700-2079-4561-857D-653590316AEE}.Debug|Any CPU.ActiveCfg = Debug|Any CPU
		{EE455700-2079-4561-857D-653590316AEE}.Debug|Any CPU.Build.0 = Debug|Any CPU
		{EE455700-2079-4561-857D-653590316AEE}.Release|Any CPU.ActiveCfg = Release|Any CPU
		{EE455700-2079-4561-857D-653590316AEE}.Release|Any CPU.Build.0 = Release|Any CPU
		{3133C3C3-CC86-449D-8316-F566D9D1972C}.Debug|Any CPU.ActiveCfg = Debug|Any CPU
		{3133C3C3-CC86-449D-8316-F566D9D1972C}.Debug|Any CPU.Build.0 = Debug|Any CPU
		{3133C3C3-CC86-449D-8316-F566D9D1972C}.Release|Any CPU.ActiveCfg = Release|Any CPU
		{3133C3C3-CC86-449D-8316-F566D9D1972C}.Release|Any CPU.Build.0 = Release|Any CPU
		{51678FA6-C3EC-4290-B572-70162CDE9611}.Debug|Any CPU.ActiveCfg = Debug|Any CPU
		{51678FA6-C3EC-4290-B572-70162CDE9611}.Debug|Any CPU.Build.0 = Debug|Any CPU
		{51678FA6-C3EC-4290-B572-70162CDE9611}.Release|Any CPU.ActiveCfg = Release|Any CPU
		{51678FA6-C3EC-4290-B572-70162CDE9611}.Release|Any CPU.Build.0 = Release|Any CPU
		{4620F346-EB35-43D8-BEC7-AE816231F85F}.Debug|Any CPU.ActiveCfg = Debug|Any CPU
		{4620F346-EB35-43D8-BEC7-AE816231F85F}.Debug|Any CPU.Build.0 = Debug|Any CPU
		{4620F346-EB35-43D8-BEC7-AE816231F85F}.Release|Any CPU.ActiveCfg = Release|Any CPU
		{4620F346-EB35-43D8-BEC7-AE816231F85F}.Release|Any CPU.Build.0 = Release|Any CPU
		{FC3384B6-BB50-47CE-9112-31E5A829B498}.Debug|Any CPU.ActiveCfg = Debug|Any CPU
		{FC3384B6-BB50-47CE-9112-31E5A829B498}.Debug|Any CPU.Build.0 = Debug|Any CPU
		{FC3384B6-BB50-47CE-9112-31E5A829B498}.Release|Any CPU.ActiveCfg = Release|Any CPU
		{FC3384B6-BB50-47CE-9112-31E5A829B498}.Release|Any CPU.Build.0 = Release|Any CPU
		{1C955A9C-D8A1-4764-93E6-C403ABBDCAEA}.Debug|Any CPU.ActiveCfg = Debug|Any CPU
		{1C955A9C-D8A1-4764-93E6-C403ABBDCAEA}.Debug|Any CPU.Build.0 = Debug|Any CPU
		{1C955A9C-D8A1-4764-93E6-C403ABBDCAEA}.Release|Any CPU.ActiveCfg = Release|Any CPU
		{1C955A9C-D8A1-4764-93E6-C403ABBDCAEA}.Release|Any CPU.Build.0 = Release|Any CPU
		{206B2D4C-BCEC-4643-B02B-CC286B123E89}.Debug|Any CPU.ActiveCfg = Debug|Any CPU
		{206B2D4C-BCEC-4643-B02B-CC286B123E89}.Debug|Any CPU.Build.0 = Debug|Any CPU
		{206B2D4C-BCEC-4643-B02B-CC286B123E89}.Release|Any CPU.ActiveCfg = Release|Any CPU
		{206B2D4C-BCEC-4643-B02B-CC286B123E89}.Release|Any CPU.Build.0 = Release|Any CPU
		{AD0C60D6-6176-43FE-AC44-D84ED2E15AE4}.Debug|Any CPU.ActiveCfg = Debug|Any CPU
		{AD0C60D6-6176-43FE-AC44-D84ED2E15AE4}.Debug|Any CPU.Build.0 = Debug|Any CPU
		{AD0C60D6-6176-43FE-AC44-D84ED2E15AE4}.Release|Any CPU.ActiveCfg = Release|Any CPU
		{AD0C60D6-6176-43FE-AC44-D84ED2E15AE4}.Release|Any CPU.Build.0 = Release|Any CPU
		{A6FDC863-2AEF-4541-973C-747CB1C4DF4A}.Debug|Any CPU.ActiveCfg = Debug|Any CPU
		{A6FDC863-2AEF-4541-973C-747CB1C4DF4A}.Debug|Any CPU.Build.0 = Debug|Any CPU
		{A6FDC863-2AEF-4541-973C-747CB1C4DF4A}.Release|Any CPU.ActiveCfg = Release|Any CPU
		{A6FDC863-2AEF-4541-973C-747CB1C4DF4A}.Release|Any CPU.Build.0 = Release|Any CPU
		{1741E9B2-8630-44A4-90AE-890097ADC5AF}.Debug|Any CPU.ActiveCfg = Debug|Any CPU
		{1741E9B2-8630-44A4-90AE-890097ADC5AF}.Debug|Any CPU.Build.0 = Debug|Any CPU
		{1741E9B2-8630-44A4-90AE-890097ADC5AF}.Release|Any CPU.ActiveCfg = Release|Any CPU
		{1741E9B2-8630-44A4-90AE-890097ADC5AF}.Release|Any CPU.Build.0 = Release|Any CPU
		{FF6BE611-4430-4E7B-988F-5BC010AC9650}.Debug|Any CPU.ActiveCfg = Debug|Any CPU
		{FF6BE611-4430-4E7B-988F-5BC010AC9650}.Debug|Any CPU.Build.0 = Debug|Any CPU
		{FF6BE611-4430-4E7B-988F-5BC010AC9650}.Release|Any CPU.ActiveCfg = Release|Any CPU
		{FF6BE611-4430-4E7B-988F-5BC010AC9650}.Release|Any CPU.Build.0 = Release|Any CPU
		{C55F7D6A-D883-40FF-B55A-3F204BE71F70}.Debug|Any CPU.ActiveCfg = Debug|Any CPU
		{C55F7D6A-D883-40FF-B55A-3F204BE71F70}.Debug|Any CPU.Build.0 = Debug|Any CPU
		{C55F7D6A-D883-40FF-B55A-3F204BE71F70}.Release|Any CPU.ActiveCfg = Release|Any CPU
		{C55F7D6A-D883-40FF-B55A-3F204BE71F70}.Release|Any CPU.Build.0 = Release|Any CPU
		{8518674C-843F-4BCF-BAD3-3EAEB28E48EF}.Debug|Any CPU.ActiveCfg = Debug|Any CPU
		{8518674C-843F-4BCF-BAD3-3EAEB28E48EF}.Debug|Any CPU.Build.0 = Debug|Any CPU
		{8518674C-843F-4BCF-BAD3-3EAEB28E48EF}.Release|Any CPU.ActiveCfg = Release|Any CPU
		{8518674C-843F-4BCF-BAD3-3EAEB28E48EF}.Release|Any CPU.Build.0 = Release|Any CPU
		{8AEA6B0E-7BB0-47D1-8F6C-CF63600BDEF0}.Debug|Any CPU.ActiveCfg = Debug|Any CPU
		{8AEA6B0E-7BB0-47D1-8F6C-CF63600BDEF0}.Debug|Any CPU.Build.0 = Debug|Any CPU
		{8AEA6B0E-7BB0-47D1-8F6C-CF63600BDEF0}.Release|Any CPU.ActiveCfg = Release|Any CPU
		{8AEA6B0E-7BB0-47D1-8F6C-CF63600BDEF0}.Release|Any CPU.Build.0 = Release|Any CPU
		{62127AE5-DA1B-444E-BC94-B27512138236}.Debug|Any CPU.ActiveCfg = Debug|Any CPU
		{62127AE5-DA1B-444E-BC94-B27512138236}.Debug|Any CPU.Build.0 = Debug|Any CPU
		{62127AE5-DA1B-444E-BC94-B27512138236}.Release|Any CPU.ActiveCfg = Release|Any CPU
		{62127AE5-DA1B-444E-BC94-B27512138236}.Release|Any CPU.Build.0 = Release|Any CPU
		{0788B8EA-B12F-4E3D-AFB5-705F5E9D568A}.Debug|Any CPU.ActiveCfg = Debug|Any CPU
		{0788B8EA-B12F-4E3D-AFB5-705F5E9D568A}.Debug|Any CPU.Build.0 = Debug|Any CPU
		{0788B8EA-B12F-4E3D-AFB5-705F5E9D568A}.Release|Any CPU.ActiveCfg = Release|Any CPU
		{0788B8EA-B12F-4E3D-AFB5-705F5E9D568A}.Release|Any CPU.Build.0 = Release|Any CPU
		{D8709ADE-6E05-4414-A362-7AD40590AB01}.Debug|Any CPU.ActiveCfg = Debug|Any CPU
		{D8709ADE-6E05-4414-A362-7AD40590AB01}.Debug|Any CPU.Build.0 = Debug|Any CPU
		{D8709ADE-6E05-4414-A362-7AD40590AB01}.Release|Any CPU.ActiveCfg = Release|Any CPU
		{D8709ADE-6E05-4414-A362-7AD40590AB01}.Release|Any CPU.Build.0 = Release|Any CPU
		{B6B30CD2-04A6-4279-9F19-E8EA01280AF2}.Debug|Any CPU.ActiveCfg = Debug|Any CPU
		{B6B30CD2-04A6-4279-9F19-E8EA01280AF2}.Debug|Any CPU.Build.0 = Debug|Any CPU
		{B6B30CD2-04A6-4279-9F19-E8EA01280AF2}.Release|Any CPU.ActiveCfg = Release|Any CPU
		{B6B30CD2-04A6-4279-9F19-E8EA01280AF2}.Release|Any CPU.Build.0 = Release|Any CPU
		{02B29E22-4568-4FFA-8FC1-9F6AE1E767B9}.Debug|Any CPU.ActiveCfg = Debug|Any CPU
		{02B29E22-4568-4FFA-8FC1-9F6AE1E767B9}.Debug|Any CPU.Build.0 = Debug|Any CPU
		{02B29E22-4568-4FFA-8FC1-9F6AE1E767B9}.Release|Any CPU.ActiveCfg = Release|Any CPU
		{02B29E22-4568-4FFA-8FC1-9F6AE1E767B9}.Release|Any CPU.Build.0 = Release|Any CPU
		{EE1ADF29-7CFF-4867-9B20-E8BE98226041}.Debug|Any CPU.ActiveCfg = Debug|Any CPU
		{EE1ADF29-7CFF-4867-9B20-E8BE98226041}.Debug|Any CPU.Build.0 = Debug|Any CPU
		{EE1ADF29-7CFF-4867-9B20-E8BE98226041}.Release|Any CPU.ActiveCfg = Release|Any CPU
		{EE1ADF29-7CFF-4867-9B20-E8BE98226041}.Release|Any CPU.Build.0 = Release|Any CPU
		{9C8A155E-4B1B-4116-9F31-330817EAE52E}.Debug|Any CPU.ActiveCfg = Debug|Any CPU
		{9C8A155E-4B1B-4116-9F31-330817EAE52E}.Debug|Any CPU.Build.0 = Debug|Any CPU
		{9C8A155E-4B1B-4116-9F31-330817EAE52E}.Release|Any CPU.ActiveCfg = Release|Any CPU
		{9C8A155E-4B1B-4116-9F31-330817EAE52E}.Release|Any CPU.Build.0 = Release|Any CPU
		{8F886508-BB30-4A48-8BDF-48D7B0BA21EB}.Debug|Any CPU.ActiveCfg = Debug|Any CPU
		{8F886508-BB30-4A48-8BDF-48D7B0BA21EB}.Debug|Any CPU.Build.0 = Debug|Any CPU
		{8F886508-BB30-4A48-8BDF-48D7B0BA21EB}.Release|Any CPU.ActiveCfg = Release|Any CPU
		{8F886508-BB30-4A48-8BDF-48D7B0BA21EB}.Release|Any CPU.Build.0 = Release|Any CPU
		{AA1ADA60-8543-43AE-93DD-DFEFDC74AE00}.Debug|Any CPU.ActiveCfg = Debug|Any CPU
		{AA1ADA60-8543-43AE-93DD-DFEFDC74AE00}.Debug|Any CPU.Build.0 = Debug|Any CPU
		{AA1ADA60-8543-43AE-93DD-DFEFDC74AE00}.Release|Any CPU.ActiveCfg = Release|Any CPU
		{AA1ADA60-8543-43AE-93DD-DFEFDC74AE00}.Release|Any CPU.Build.0 = Release|Any CPU
		{6D8EB9FB-0919-4BE2-B8C2-5625A213B3FC}.Debug|Any CPU.ActiveCfg = Debug|Any CPU
		{6D8EB9FB-0919-4BE2-B8C2-5625A213B3FC}.Debug|Any CPU.Build.0 = Debug|Any CPU
		{6D8EB9FB-0919-4BE2-B8C2-5625A213B3FC}.Release|Any CPU.ActiveCfg = Release|Any CPU
		{6D8EB9FB-0919-4BE2-B8C2-5625A213B3FC}.Release|Any CPU.Build.0 = Release|Any CPU
		{5C300343-EAE2-40DF-B19B-8EDEDB14C6C8}.Debug|Any CPU.ActiveCfg = Debug|Any CPU
		{5C300343-EAE2-40DF-B19B-8EDEDB14C6C8}.Debug|Any CPU.Build.0 = Debug|Any CPU
		{5C300343-EAE2-40DF-B19B-8EDEDB14C6C8}.Release|Any CPU.ActiveCfg = Release|Any CPU
		{5C300343-EAE2-40DF-B19B-8EDEDB14C6C8}.Release|Any CPU.Build.0 = Release|Any CPU
		{632E932E-A407-431D-8170-6720054B29A7}.Debug|Any CPU.ActiveCfg = Debug|Any CPU
		{632E932E-A407-431D-8170-6720054B29A7}.Debug|Any CPU.Build.0 = Debug|Any CPU
		{632E932E-A407-431D-8170-6720054B29A7}.Release|Any CPU.ActiveCfg = Release|Any CPU
		{632E932E-A407-431D-8170-6720054B29A7}.Release|Any CPU.Build.0 = Release|Any CPU
		{B6E534B3-09F0-41C8-9131-5A4F54177239}.Debug|Any CPU.ActiveCfg = Debug|Any CPU
		{B6E534B3-09F0-41C8-9131-5A4F54177239}.Debug|Any CPU.Build.0 = Debug|Any CPU
		{B6E534B3-09F0-41C8-9131-5A4F54177239}.Release|Any CPU.ActiveCfg = Release|Any CPU
		{B6E534B3-09F0-41C8-9131-5A4F54177239}.Release|Any CPU.Build.0 = Release|Any CPU
		{3E030373-7364-4ACA-8F3F-CFC36903D651}.Debug|Any CPU.ActiveCfg = Debug|Any CPU
		{3E030373-7364-4ACA-8F3F-CFC36903D651}.Debug|Any CPU.Build.0 = Debug|Any CPU
		{3E030373-7364-4ACA-8F3F-CFC36903D651}.Release|Any CPU.ActiveCfg = Release|Any CPU
		{3E030373-7364-4ACA-8F3F-CFC36903D651}.Release|Any CPU.Build.0 = Release|Any CPU
		{0F83C2E1-8DE3-4235-BC21-F1C5A649299F}.Debug|Any CPU.ActiveCfg = Debug|Any CPU
		{0F83C2E1-8DE3-4235-BC21-F1C5A649299F}.Debug|Any CPU.Build.0 = Debug|Any CPU
		{0F83C2E1-8DE3-4235-BC21-F1C5A649299F}.Release|Any CPU.ActiveCfg = Release|Any CPU
		{0F83C2E1-8DE3-4235-BC21-F1C5A649299F}.Release|Any CPU.Build.0 = Release|Any CPU
		{9955BA22-4C67-4EB7-AEE0-614FD1F364C4}.Debug|Any CPU.ActiveCfg = Debug|Any CPU
		{9955BA22-4C67-4EB7-AEE0-614FD1F364C4}.Debug|Any CPU.Build.0 = Debug|Any CPU
		{9955BA22-4C67-4EB7-AEE0-614FD1F364C4}.Release|Any CPU.ActiveCfg = Release|Any CPU
		{9955BA22-4C67-4EB7-AEE0-614FD1F364C4}.Release|Any CPU.Build.0 = Release|Any CPU
		{07F7F329-3EDC-4721-8A9E-68986016C1C3}.Debug|Any CPU.ActiveCfg = Debug|Any CPU
		{07F7F329-3EDC-4721-8A9E-68986016C1C3}.Debug|Any CPU.Build.0 = Debug|Any CPU
		{07F7F329-3EDC-4721-8A9E-68986016C1C3}.Release|Any CPU.ActiveCfg = Release|Any CPU
		{07F7F329-3EDC-4721-8A9E-68986016C1C3}.Release|Any CPU.Build.0 = Release|Any CPU
		{3A59A04F-770A-4C37-A25A-A09AB19346C0}.Debug|Any CPU.ActiveCfg = Debug|Any CPU
		{3A59A04F-770A-4C37-A25A-A09AB19346C0}.Debug|Any CPU.Build.0 = Debug|Any CPU
		{3A59A04F-770A-4C37-A25A-A09AB19346C0}.Release|Any CPU.ActiveCfg = Release|Any CPU
		{3A59A04F-770A-4C37-A25A-A09AB19346C0}.Release|Any CPU.Build.0 = Release|Any CPU
		{564DB3F3-0412-4499-B515-98398EE2EFD6}.Debug|Any CPU.ActiveCfg = Debug|Any CPU
		{564DB3F3-0412-4499-B515-98398EE2EFD6}.Debug|Any CPU.Build.0 = Debug|Any CPU
		{564DB3F3-0412-4499-B515-98398EE2EFD6}.Release|Any CPU.ActiveCfg = Release|Any CPU
		{564DB3F3-0412-4499-B515-98398EE2EFD6}.Release|Any CPU.Build.0 = Release|Any CPU
	EndGlobalSection
	GlobalSection(SolutionProperties) = preSolution
		HideSolutionNode = FALSE
	EndGlobalSection
	GlobalSection(NestedProjects) = preSolution
		{87FB6779-0847-4D83-80E3-F3DFA9F3A838} = {4F1FE62D-B0BC-4A90-B28D-E61D6C993216}
		{36268633-1ECE-44CF-921C-FFD183331343} = {4F1FE62D-B0BC-4A90-B28D-E61D6C993216}
		{70557CF1-3369-4CEB-8431-C4F3C7FF8E27} = {4F1FE62D-B0BC-4A90-B28D-E61D6C993216}
		{51BADD06-6C81-4AEF-9D91-C9FD8584B797} = {4F1FE62D-B0BC-4A90-B28D-E61D6C993216}
		{B0F880C9-AD8E-4226-8F31-ACA5397D9992} = {4F1FE62D-B0BC-4A90-B28D-E61D6C993216}
		{8146ED6C-579D-4049-8001-165456FA8C81} = {6D74CC8B-5773-458C-B907-9E4DDDAE8C7F}
		{1491A9D9-4113-4645-BA65-6A7128A4F45D} = {6D74CC8B-5773-458C-B907-9E4DDDAE8C7F}
		{2DFAD682-088A-4471-88CC-94B03B56004D} = {6D74CC8B-5773-458C-B907-9E4DDDAE8C7F}
		{3A9882FB-AB55-4C09-8FDD-4C9CB9995A1B} = {C0596EF6-7A98-4C6B-A6B2-05F42C7C0AE5}
		{F466BD86-3681-4BA6-A04C-4E06AF76697D} = {C0596EF6-7A98-4C6B-A6B2-05F42C7C0AE5}
		{7B55EEE9-309C-4163-95DF-076E46E08152} = {C0596EF6-7A98-4C6B-A6B2-05F42C7C0AE5}
		{1B9819BA-7B79-432B-8FAB-35793687E1AF} = {007F08B2-AA18-432A-AED4-375D8CE03DD3}
		{9B44B317-C2DA-4436-855D-58BB0B7D4FBD} = {007F08B2-AA18-432A-AED4-375D8CE03DD3}
		{D8455D95-A7BB-4DF5-98F2-5B52D7213900} = {007F08B2-AA18-432A-AED4-375D8CE03DD3}
		{00A56DAD-7B63-43A7-B90D-52D1F58E0633} = {007F08B2-AA18-432A-AED4-375D8CE03DD3}
		{F86E5900-E574-46E2-9C8B-ED681A6ED3DA} = {007F08B2-AA18-432A-AED4-375D8CE03DD3}
		{D15C50D2-B1DB-43D8-96A4-160C9F92952A} = {007F08B2-AA18-432A-AED4-375D8CE03DD3}
		{72C682BB-70A6-4F9D-83C6-89E3F4ADCFE7} = {007F08B2-AA18-432A-AED4-375D8CE03DD3}
		{AE3D226C-3D68-4052-829C-6A2E545F5C4E} = {007F08B2-AA18-432A-AED4-375D8CE03DD3}
		{CB5AE058-15D8-43A4-8CAC-FA0AEFC26F22} = {007F08B2-AA18-432A-AED4-375D8CE03DD3}
		{9607B5B0-0214-4815-8196-0B8FC887747C} = {007F08B2-AA18-432A-AED4-375D8CE03DD3}
		{4371A526-BE4F-4837-B9D2-2EDE7CA26AB3} = {007F08B2-AA18-432A-AED4-375D8CE03DD3}
		{EE455700-2079-4561-857D-653590316AEE} = {007F08B2-AA18-432A-AED4-375D8CE03DD3}
		{3133C3C3-CC86-449D-8316-F566D9D1972C} = {843AFCE9-D17A-4377-A500-3F76FE603FD0}
		{51678FA6-C3EC-4290-B572-70162CDE9611} = {843AFCE9-D17A-4377-A500-3F76FE603FD0}
		{4620F346-EB35-43D8-BEC7-AE816231F85F} = {843AFCE9-D17A-4377-A500-3F76FE603FD0}
		{FC3384B6-BB50-47CE-9112-31E5A829B498} = {843AFCE9-D17A-4377-A500-3F76FE603FD0}
		{1C955A9C-D8A1-4764-93E6-C403ABBDCAEA} = {843AFCE9-D17A-4377-A500-3F76FE603FD0}
		{206B2D4C-BCEC-4643-B02B-CC286B123E89} = {843AFCE9-D17A-4377-A500-3F76FE603FD0}
		{AD0C60D6-6176-43FE-AC44-D84ED2E15AE4} = {843AFCE9-D17A-4377-A500-3F76FE603FD0}
		{A6FDC863-2AEF-4541-973C-747CB1C4DF4A} = {843AFCE9-D17A-4377-A500-3F76FE603FD0}
		{1741E9B2-8630-44A4-90AE-890097ADC5AF} = {843AFCE9-D17A-4377-A500-3F76FE603FD0}
		{FF6BE611-4430-4E7B-988F-5BC010AC9650} = {843AFCE9-D17A-4377-A500-3F76FE603FD0}
		{C55F7D6A-D883-40FF-B55A-3F204BE71F70} = {D08E7BAB-7A7A-4FAA-BF83-391044D33A6C}
		{8518674C-843F-4BCF-BAD3-3EAEB28E48EF} = {843AFCE9-D17A-4377-A500-3F76FE603FD0}
		{8AEA6B0E-7BB0-47D1-8F6C-CF63600BDEF0} = {843AFCE9-D17A-4377-A500-3F76FE603FD0}
		{62127AE5-DA1B-444E-BC94-B27512138236} = {61C3043B-8197-409F-B48E-7A61E76DC8E9}
		{0788B8EA-B12F-4E3D-AFB5-705F5E9D568A} = {61C3043B-8197-409F-B48E-7A61E76DC8E9}
		{D8709ADE-6E05-4414-A362-7AD40590AB01} = {61C3043B-8197-409F-B48E-7A61E76DC8E9}
		{8388E2C3-D78B-4908-9098-E48F1EBF8C9A} = {61C3043B-8197-409F-B48E-7A61E76DC8E9}
		{B6B30CD2-04A6-4279-9F19-E8EA01280AF2} = {8388E2C3-D78B-4908-9098-E48F1EBF8C9A}
		{02B29E22-4568-4FFA-8FC1-9F6AE1E767B9} = {8388E2C3-D78B-4908-9098-E48F1EBF8C9A}
		{EE1ADF29-7CFF-4867-9B20-E8BE98226041} = {8388E2C3-D78B-4908-9098-E48F1EBF8C9A}
		{9C8A155E-4B1B-4116-9F31-330817EAE52E} = {8388E2C3-D78B-4908-9098-E48F1EBF8C9A}
		{8F886508-BB30-4A48-8BDF-48D7B0BA21EB} = {56D316F5-798A-4BCA-A341-3A05520FA231}
		{AA1ADA60-8543-43AE-93DD-DFEFDC74AE00} = {56D316F5-798A-4BCA-A341-3A05520FA231}
		{9046CBAC-347E-40B9-B748-85997D90E44B} = {56D316F5-798A-4BCA-A341-3A05520FA231}
		{6D8EB9FB-0919-4BE2-B8C2-5625A213B3FC} = {9046CBAC-347E-40B9-B748-85997D90E44B}
		{5C300343-EAE2-40DF-B19B-8EDEDB14C6C8} = {9046CBAC-347E-40B9-B748-85997D90E44B}
		{632E932E-A407-431D-8170-6720054B29A7} = {9046CBAC-347E-40B9-B748-85997D90E44B}
		{B6E534B3-09F0-41C8-9131-5A4F54177239} = {61C3043B-8197-409F-B48E-7A61E76DC8E9}
		{3E030373-7364-4ACA-8F3F-CFC36903D651} = {61C3043B-8197-409F-B48E-7A61E76DC8E9}
		{0F83C2E1-8DE3-4235-BC21-F1C5A649299F} = {4E5F1CE7-0847-4361-ABA8-42DCB9B8D8BD}
		{9955BA22-4C67-4EB7-AEE0-614FD1F364C4} = {4E5F1CE7-0847-4361-ABA8-42DCB9B8D8BD}
		{07F7F329-3EDC-4721-8A9E-68986016C1C3} = {BE22C8C5-E298-4C01-90F2-37CCE0344091}
		{3A59A04F-770A-4C37-A25A-A09AB19346C0} = {3F13123B-6882-41EF-BFCA-135D31D65802}
		{564DB3F3-0412-4499-B515-98398EE2EFD6} = {294982C2-184F-49BA-A640-481EA9176A10}
	EndGlobalSection
	GlobalSection(ExtensibilityGlobals) = postSolution
		SolutionGuid = {F1D6B11C-1CC6-4641-8330-23DC21076320}
	EndGlobalSection
EndGlobal
